
Microsoft Visual Studio Solution File, Format Version 12.00
# Visual Studio Version 16
VisualStudioVersion = 16.0.29509.3
MinimumVisualStudioVersion = 10.0.40219.1
Project("{9A19103F-16F7-4668-BE54-9A1E7A4F7556}") = "Midas", "Midas.csproj", "{CD65F6E7-175C-4C53-B06F-E1AE5F892C48}"
EndProject
Global
	GlobalSection(SolutionConfigurationPlatforms) = preSolution
		Debug|Any CPU = Debug|Any CPU
		Release|Any CPU = Release|Any CPU
	EndGlobalSection
	GlobalSection(ProjectConfigurationPlatforms) = postSolution
		{CD65F6E7-175C-4C53-B06F-E1AE5F892C48}.Debug|Any CPU.ActiveCfg = Debug|Any CPU
		{CD65F6E7-175C-4C53-B06F-E1AE5F892C48}.Debug|Any CPU.Build.0 = Debug|Any CPU
		{CD65F6E7-175C-4C53-B06F-E1AE5F892C48}.Release|Any CPU.ActiveCfg = Release|Any CPU
		{CD65F6E7-175C-4C53-B06F-E1AE5F892C48}.Release|Any CPU.Build.0 = Release|Any CPU
	EndGlobalSection
	GlobalSection(SolutionProperties) = preSolution
		HideSolutionNode = FALSE
	EndGlobalSection
	GlobalSection(ExtensibilityGlobals) = postSolution
		SolutionGuid = {2AF7DBBB-82B3-4E26-B4B4-712EC006C16C}
	EndGlobalSection
EndGlobal
